// !$*UTF8*$!
{
	archiveVersion = 1;
	classes = {
	};
	objectVersion = 46;
	objects = {

/* Begin PBXBuildFile section */
		4ACB2F921C634E3700E150DB /* AppDelegate.swift in Sources */ = {isa = PBXBuildFile; fileRef = 4ACB2F911C634E3700E150DB /* AppDelegate.swift */; };
		4ACB2F941C634E3700E150DB /* ViewController.swift in Sources */ = {isa = PBXBuildFile; fileRef = 4ACB2F931C634E3700E150DB /* ViewController.swift */; };
		4ACB2F971C634E3700E150DB /* Main.storyboard in Resources */ = {isa = PBXBuildFile; fileRef = 4ACB2F951C634E3700E150DB /* Main.storyboard */; };
		4ACB2F991C634E3700E150DB /* Assets.xcassets in Resources */ = {isa = PBXBuildFile; fileRef = 4ACB2F981C634E3700E150DB /* Assets.xcassets */; };
		4ACB2F9C1C634E3700E150DB /* LaunchScreen.storyboard in Resources */ = {isa = PBXBuildFile; fileRef = 4ACB2F9A1C634E3700E150DB /* LaunchScreen.storyboard */; };
		4ACB2FA71C634E3900E150DB /* TestGitHubTests.swift in Sources */ = {isa = PBXBuildFile; fileRef = 4ACB2FA61C634E3900E150DB /* TestGitHubTests.swift */; };
		4ACB2FB21C634E3900E150DB /* TestGitHubUITests.swift in Sources */ = {isa = PBXBuildFile; fileRef = 4ACB2FB11C634E3900E150DB /* TestGitHubUITests.swift */; };
/* End PBXBuildFile section */

/* Begin PBXContainerItemProxy section */
		4ACB2FA31C634E3900E150DB /* PBXContainerItemProxy */ = {
			isa = PBXContainerItemProxy;
			containerPortal = 4ACB2F861C634E3600E150DB /* Project object */;
			proxyType = 1;
			remoteGlobalIDString = 4ACB2F8D1C634E3600E150DB;
			remoteInfo = TestGitHub;
		};
		4ACB2FAE1C634E3900E150DB /* PBXContainerItemProxy */ = {
			isa = PBXContainerItemProxy;
			containerPortal = 4ACB2F861C634E3600E150DB /* Project object */;
			proxyType = 1;
			remoteGlobalIDString = 4ACB2F8D1C634E3600E150DB;
			remoteInfo = TestGitHub;
		};
/* End PBXContainerItemProxy section */

/* Begin PBXFileReference section */
		4ACB2F8E1C634E3600E150DB /* TestGitHub.app */ = {isa = PBXFileReference; explicitFileType = wrapper.application; includeInIndex = 0; path = TestGitHub.app; sourceTree = BUILT_PRODUCTS_DIR; };
		4ACB2F911C634E3700E150DB /* AppDelegate.swift */ = {isa = PBXFileReference; lastKnownFileType = sourcecode.swift; path = AppDelegate.swift; sourceTree = "<group>"; };
		4ACB2F931C634E3700E150DB /* ViewController.swift */ = {isa = PBXFileReference; lastKnownFileType = sourcecode.swift; path = ViewController.swift; sourceTree = "<group>"; };
		4ACB2F961C634E3700E150DB /* Base */ = {isa = PBXFileReference; lastKnownFileType = file.storyboard; name = Base; path = Base.lproj/Main.storyboard; sourceTree = "<group>"; };
		4ACB2F981C634E3700E150DB /* Assets.xcassets */ = {isa = PBXFileReference; lastKnownFileType = folder.assetcatalog; path = Assets.xcassets; sourceTree = "<group>"; };
		4ACB2F9B1C634E3700E150DB /* Base */ = {isa = PBXFileReference; lastKnownFileType = file.storyboard; name = Base; path = Base.lproj/LaunchScreen.storyboard; sourceTree = "<group>"; };
		4ACB2F9D1C634E3700E150DB /* Info.plist */ = {isa = PBXFileReference; lastKnownFileType = text.plist.xml; path = Info.plist; sourceTree = "<group>"; };
		4ACB2FA21C634E3900E150DB /* TestGitHubTests.xctest */ = {isa = PBXFileReference; explicitFileType = wrapper.cfbundle; includeInIndex = 0; path = TestGitHubTests.xctest; sourceTree = BUILT_PRODUCTS_DIR; };
		4ACB2FA61C634E3900E150DB /* TestGitHubTests.swift */ = {isa = PBXFileReference; lastKnownFileType = sourcecode.swift; path = TestGitHubTests.swift; sourceTree = "<group>"; };
		4ACB2FA81C634E3900E150DB /* Info.plist */ = {isa = PBXFileReference; lastKnownFileType = text.plist.xml; path = Info.plist; sourceTree = "<group>"; };
		4ACB2FAD1C634E3900E150DB /* TestGitHubUITests.xctest */ = {isa = PBXFileReference; explicitFileType = wrapper.cfbundle; includeInIndex = 0; path = TestGitHubUITests.xctest; sourceTree = BUILT_PRODUCTS_DIR; };
		4ACB2FB11C634E3900E150DB /* TestGitHubUITests.swift */ = {isa = PBXFileReference; lastKnownFileType = sourcecode.swift; path = TestGitHubUITests.swift; sourceTree = "<group>"; };
		4ACB2FB31C634E3900E150DB /* Info.plist */ = {isa = PBXFileReference; lastKnownFileType = text.plist.xml; path = Info.plist; sourceTree = "<group>"; };
/* End PBXFileReference section */

/* Begin PBXFrameworksBuildPhase section */
		4ACB2F8B1C634E3600E150DB /* Frameworks */ = {
			isa = PBXFrameworksBuildPhase;
			buildActionMask = 2147483647;
			files = (
			);
			runOnlyForDeploymentPostprocessing = 0;
		};
		4ACB2F9F1C634E3900E150DB /* Frameworks */ = {
			isa = PBXFrameworksBuildPhase;
			buildActionMask = 2147483647;
			files = (
			);
			runOnlyForDeploymentPostprocessing = 0;
		};
		4ACB2FAA1C634E3900E150DB /* Frameworks */ = {
			isa = PBXFrameworksBuildPhase;
			buildActionMask = 2147483647;
			files = (
			);
			runOnlyForDeploymentPostprocessing = 0;
		};
/* End PBXFrameworksBuildPhase section */

/* Begin PBXGroup section */
		4ACB2F851C634E3600E150DB = {
			isa = PBXGroup;
			children = (
				4ACB2F901C634E3600E150DB /* TestGitHub */,
				4ACB2FA51C634E3900E150DB /* TestGitHubTests */,
				4ACB2FB01C634E3900E150DB /* TestGitHubUITests */,
				4ACB2F8F1C634E3600E150DB /* Products */,
			);
			sourceTree = "<group>";
		};
		4ACB2F8F1C634E3600E150DB /* Products */ = {
			isa = PBXGroup;
			children = (
				4ACB2F8E1C634E3600E150DB /* TestGitHub.app */,
				4ACB2FA21C634E3900E150DB /* TestGitHubTests.xctest */,
				4ACB2FAD1C634E3900E150DB /* TestGitHubUITests.xctest */,
			);
			name = Products;
			sourceTree = "<group>";
		};
		4ACB2F901C634E3600E150DB /* TestGitHub */ = {
			isa = PBXGroup;
			children = (
				4ACB2F911C634E3700E150DB /* AppDelegate.swift */,
				4ACB2F931C634E3700E150DB /* ViewController.swift */,
				4ACB2F951C634E3700E150DB /* Main.storyboard */,
				4ACB2F981C634E3700E150DB /* Assets.xcassets */,
				4ACB2F9A1C634E3700E150DB /* LaunchScreen.storyboard */,
				4ACB2F9D1C634E3700E150DB /* Info.plist */,
			);
			path = TestGitHub;
			sourceTree = "<group>";
		};
		4ACB2FA51C634E3900E150DB /* TestGitHubTests */ = {
			isa = PBXGroup;
			children = (
				4ACB2FA61C634E3900E150DB /* TestGitHubTests.swift */,
				4ACB2FA81C634E3900E150DB /* Info.plist */,
			);
			path = TestGitHubTests;
			sourceTree = "<group>";
		};
		4ACB2FB01C634E3900E150DB /* TestGitHubUITests */ = {
			isa = PBXGroup;
			children = (
				4ACB2FB11C634E3900E150DB /* TestGitHubUITests.swift */,
				4ACB2FB31C634E3900E150DB /* Info.plist */,
			);
			path = TestGitHubUITests;
			sourceTree = "<group>";
		};
/* End PBXGroup section */

/* Begin PBXNativeTarget section */
		4ACB2F8D1C634E3600E150DB /* TestGitHub */ = {
			isa = PBXNativeTarget;
			buildConfigurationList = 4ACB2FB61C634E3900E150DB /* Build configuration list for PBXNativeTarget "TestGitHub" */;
			buildPhases = (
				4ACB2F8A1C634E3600E150DB /* Sources */,
				4ACB2F8B1C634E3600E150DB /* Frameworks */,
				4ACB2F8C1C634E3600E150DB /* Resources */,
			);
			buildRules = (
			);
			dependencies = (
			);
			name = TestGitHub;
			productName = TestGitHub;
			productReference = 4ACB2F8E1C634E3600E150DB /* TestGitHub.app */;
			productType = "com.apple.product-type.application";
		};
		4ACB2FA11C634E3900E150DB /* TestGitHubTests */ = {
			isa = PBXNativeTarget;
			buildConfigurationList = 4ACB2FB91C634E3900E150DB /* Build configuration list for PBXNativeTarget "TestGitHubTests" */;
			buildPhases = (
				4ACB2F9E1C634E3900E150DB /* Sources */,
				4ACB2F9F1C634E3900E150DB /* Frameworks */,
				4ACB2FA01C634E3900E150DB /* Resources */,
			);
			buildRules = (
			);
			dependencies = (
				4ACB2FA41C634E3900E150DB /* PBXTargetDependency */,
			);
			name = TestGitHubTests;
			productName = TestGitHubTests;
			productReference = 4ACB2FA21C634E3900E150DB /* TestGitHubTests.xctest */;
			productType = "com.apple.product-type.bundle.unit-test";
		};
		4ACB2FAC1C634E3900E150DB /* TestGitHubUITests */ = {
			isa = PBXNativeTarget;
			buildConfigurationList = 4ACB2FBC1C634E3900E150DB /* Build configuration list for PBXNativeTarget "TestGitHubUITests" */;
			buildPhases = (
				4ACB2FA91C634E3900E150DB /* Sources */,
				4ACB2FAA1C634E3900E150DB /* Frameworks */,
				4ACB2FAB1C634E3900E150DB /* Resources */,
			);
			buildRules = (
			);
			dependencies = (
				4ACB2FAF1C634E3900E150DB /* PBXTargetDependency */,
			);
			name = TestGitHubUITests;
			productName = TestGitHubUITests;
			productReference = 4ACB2FAD1C634E3900E150DB /* TestGitHubUITests.xctest */;
			productType = "com.apple.product-type.bundle.ui-testing";
		};
/* End PBXNativeTarget section */

/* Begin PBXProject section */
		4ACB2F861C634E3600E150DB /* Project object */ = {
			isa = PBXProject;
			attributes = {
				LastSwiftUpdateCheck = 0720;
				LastUpgradeCheck = 0720;
				ORGANIZATIONNAME = "Crampsalot LLC";
				TargetAttributes = {
					4ACB2F8D1C634E3600E150DB = {
						CreatedOnToolsVersion = 7.2;
					};
					4ACB2FA11C634E3900E150DB = {
						CreatedOnToolsVersion = 7.2;
						TestTargetID = 4ACB2F8D1C634E3600E150DB;
					};
					4ACB2FAC1C634E3900E150DB = {
						CreatedOnToolsVersion = 7.2;
						TestTargetID = 4ACB2F8D1C634E3600E150DB;
					};
				};
			};
			buildConfigurationList = 4ACB2F891C634E3600E150DB /* Build configuration list for PBXProject "TestGitHub" */;
			compatibilityVersion = "Xcode 3.2";
			developmentRegion = English;
			hasScannedForEncodings = 0;
			knownRegions = (
				en,
				Base,
			);
			mainGroup = 4ACB2F851C634E3600E150DB;
			productRefGroup = 4ACB2F8F1C634E3600E150DB /* Products */;
			projectDirPath = "";
			projectRoot = "";
			targets = (
				4ACB2F8D1C634E3600E150DB /* TestGitHub */,
				4ACB2FA11C634E3900E150DB /* TestGitHubTests */,
				4ACB2FAC1C634E3900E150DB /* TestGitHubUITests */,
			);
		};
/* End PBXProject section */

/* Begin PBXResourcesBuildPhase section */
		4ACB2F8C1C634E3600E150DB /* Resources */ = {
			isa = PBXResourcesBuildPhase;
			buildActionMask = 2147483647;
			files = (
				4ACB2F9C1C634E3700E150DB /* LaunchScreen.storyboard in Resources */,
				4ACB2F991C634E3700E150DB /* Assets.xcassets in Resources */,
				4ACB2F971C634E3700E150DB /* Main.storyboard in Resources */,
			);
			runOnlyForDeploymentPostprocessing = 0;
		};
		4ACB2FA01C634E3900E150DB /* Resources */ = {
			isa = PBXResourcesBuildPhase;
			buildActionMask = 2147483647;
			files = (
			);
			runOnlyForDeploymentPostprocessing = 0;
		};
		4ACB2FAB1C634E3900E150DB /* Resources */ = {
			isa = PBXResourcesBuildPhase;
			buildActionMask = 2147483647;
			files = (
			);
			runOnlyForDeploymentPostprocessing = 0;
		};
/* End PBXResourcesBuildPhase section */

/* Begin PBXSourcesBuildPhase section */
		4ACB2F8A1C634E3600E150DB /* Sources */ = {
			isa = PBXSourcesBuildPhase;
			buildActionMask = 2147483647;
			files = (
				4ACB2F941C634E3700E150DB /* ViewController.swift in Sources */,
				4ACB2F921C634E3700E150DB /* AppDelegate.swift in Sources */,
			);
			runOnlyForDeploymentPostprocessing = 0;
		};
		4ACB2F9E1C634E3900E150DB /* Sources */ = {
			isa = PBXSourcesBuildPhase;
			buildActionMask = 2147483647;
			files = (
				4ACB2FA71C634E3900E150DB /* TestGitHubTests.swift in Sources */,
			);
			runOnlyForDeploymentPostprocessing = 0;
		};
		4ACB2FA91C634E3900E150DB /* Sources */ = {
			isa = PBXSourcesBuildPhase;
			buildActionMask = 2147483647;
			files = (
				4ACB2FB21C634E3900E150DB /* TestGitHubUITests.swift in Sources */,
			);
			runOnlyForDeploymentPostprocessing = 0;
		};
/* End PBXSourcesBuildPhase section */

/* Begin PBXTargetDependency section */
		4ACB2FA41C634E3900E150DB /* PBXTargetDependency */ = {
			isa = PBXTargetDependency;
			target = 4ACB2F8D1C634E3600E150DB /* TestGitHub */;
			targetProxy = 4ACB2FA31C634E3900E150DB /* PBXContainerItemProxy */;
		};
		4ACB2FAF1C634E3900E150DB /* PBXTargetDependency */ = {
			isa = PBXTargetDependency;
			target = 4ACB2F8D1C634E3600E150DB /* TestGitHub */;
			targetProxy = 4ACB2FAE1C634E3900E150DB /* PBXContainerItemProxy */;
		};
/* End PBXTargetDependency section */

/* Begin PBXVariantGroup section */
		4ACB2F951C634E3700E150DB /* Main.storyboard */ = {
			isa = PBXVariantGroup;
			children = (
				4ACB2F961C634E3700E150DB /* Base */,
			);
			name = Main.storyboard;
			sourceTree = "<group>";
		};
		4ACB2F9A1C634E3700E150DB /* LaunchScreen.storyboard */ = {
			isa = PBXVariantGroup;
			children = (
				4ACB2F9B1C634E3700E150DB /* Base */,
			);
			name = LaunchScreen.storyboard;
			sourceTree = "<group>";
		};
/* End PBXVariantGroup section */

/* Begin XCBuildConfiguration section */
		4ACB2FB41C634E3900E150DB /* Debug */ = {
			isa = XCBuildConfiguration;
			buildSettings = {
				ALWAYS_SEARCH_USER_PATHS = NO;
				CLANG_CXX_LANGUAGE_STANDARD = "gnu++0x";
				CLANG_CXX_LIBRARY = "libc++";
				CLANG_ENABLE_MODULES = YES;
				CLANG_ENABLE_OBJC_ARC = YES;
				CLANG_WARN_BOOL_CONVERSION = YES;
				CLANG_WARN_CONSTANT_CONVERSION = YES;
				CLANG_WARN_DIRECT_OBJC_ISA_USAGE = YES_ERROR;
				CLANG_WARN_EMPTY_BODY = YES;
				CLANG_WARN_ENUM_CONVERSION = YES;
				CLANG_WARN_INT_CONVERSION = YES;
				CLANG_WARN_OBJC_ROOT_CLASS = YES_ERROR;
				CLANG_WARN_UNREACHABLE_CODE = YES;
				CLANG_WARN__DUPLICATE_METHOD_MATCH = YES;
				"CODE_SIGN_IDENTITY[sdk=iphoneos*]" = "iPhone Developer";
				COPY_PHASE_STRIP = NO;
				DEBUG_INFORMATION_FORMAT = dwarf;
				ENABLE_STRICT_OBJC_MSGSEND = YES;
				ENABLE_TESTABILITY = YES;
				GCC_C_LANGUAGE_STANDARD = gnu99;
				GCC_DYNAMIC_NO_PIC = NO;
				GCC_NO_COMMON_BLOCKS = YES;
				GCC_OPTIMIZATION_LEVEL = 0;
				GCC_PREPROCESSOR_DEFINITIONS = (
					"DEBUG=1",
					"$(inherited)",
				);
				GCC_WARN_64_TO_32_BIT_CONVERSION = YES;
				GCC_WARN_ABOUT_RETURN_TYPE = YES_ERROR;
				GCC_WARN_UNDECLARED_SELECTOR = YES;
				GCC_WARN_UNINITIALIZED_AUTOS = YES_AGGRESSIVE;
				GCC_WARN_UNUSED_FUNCTION = YES;
				GCC_WARN_UNUSED_VARIABLE = YES;
				IPHONEOS_DEPLOYMENT_TARGET = 9.2;
				MTL_ENABLE_DEBUG_INFO = YES;
				ONLY_ACTIVE_ARCH = YES;
				SDKROOT = iphoneos;
				SWIFT_OPTIMIZATION_LEVEL = "-Onone";
				TARGETED_DEVICE_FAMILY = "1,2";
			};
			name = Debug;
		};
		4ACB2FB51C634E3900E150DB /* Release */ = {
			isa = XCBuildConfiguration;
			buildSettings = {
				ALWAYS_SEARCH_USER_PATHS = NO;
				CLANG_CXX_LANGUAGE_STANDARD = "gnu++0x";
				CLANG_CXX_LIBRARY = "libc++";
				CLANG_ENABLE_MODULES = YES;
				CLANG_ENABLE_OBJC_ARC = YES;
				CLANG_WARN_BOOL_CONVERSION = YES;
				CLANG_WARN_CONSTANT_CONVERSION = YES;
				CLANG_WARN_DIRECT_OBJC_ISA_USAGE = YES_ERROR;
				CLANG_WARN_EMPTY_BODY = YES;
				CLANG_WARN_ENUM_CONVERSION = YES;
				CLANG_WARN_INT_CONVERSION = YES;
				CLANG_WARN_OBJC_ROOT_CLASS = YES_ERROR;
				CLANG_WARN_UNREACHABLE_CODE = YES;
				CLANG_WARN__DUPLICATE_METHOD_MATCH = YES;
				"CODE_SIGN_IDENTITY[sdk=iphoneos*]" = "iPhone Developer";
				COPY_PHASE_STRIP = NO;
				DEBUG_INFORMATION_FORMAT = "dwarf-with-dsym";
				ENABLE_NS_ASSERTIONS = NO;
				ENABLE_STRICT_OBJC_MSGSEND = YES;
				GCC_C_LANGUAGE_STANDARD = gnu99;
				GCC_NO_COMMON_BLOCKS = YES;
				GCC_WARN_64_TO_32_BIT_CONVERSION = YES;
				GCC_WARN_ABOUT_RETURN_TYPE = YES_ERROR;
				GCC_WARN_UNDECLARED_SELECTOR = YES;
				GCC_WARN_UNINITIALIZED_AUTOS = YES_AGGRESSIVE;
				GCC_WARN_UNUSED_FUNCTION = YES;
				GCC_WARN_UNUSED_VARIABLE = YES;
				IPHONEOS_DEPLOYMENT_TARGET = 9.2;
				MTL_ENABLE_DEBUG_INFO = NO;
				SDKROOT = iphoneos;
				TARGETED_DEVICE_FAMILY = "1,2";
				VALIDATE_PRODUCT = YES;
			};
			name = Release;
		};
		4ACB2FB71C634E3900E150DB /* Debug */ = {
			isa = XCBuildConfiguration;
			buildSettings = {
				ASSETCATALOG_COMPILER_APPICON_NAME = AppIcon;
				INFOPLIST_FILE = TestGitHub/Info.plist;
				LD_RUNPATH_SEARCH_PATHS = "$(inherited) @executable_path/Frameworks";
				PRODUCT_BUNDLE_IDENTIFIER = com.crampsalot.TestGitHub;
				PRODUCT_NAME = "$(TARGET_NAME)";
			};
			name = Debug;
		};
		4ACB2FB81C634E3900E150DB /* Release */ = {
			isa = XCBuildConfiguration;
			buildSettings = {
				ASSETCATALOG_COMPILER_APPICON_NAME = AppIcon;
				INFOPLIST_FILE = TestGitHub/Info.plist;
				LD_RUNPATH_SEARCH_PATHS = "$(inherited) @executable_path/Frameworks";
				PRODUCT_BUNDLE_IDENTIFIER = com.crampsalot.TestGitHub;
				PRODUCT_NAME = "$(TARGET_NAME)";
			};
			name = Release;
		};
		4ACB2FBA1C634E3900E150DB /* Debug */ = {
			isa = XCBuildConfiguration;
			buildSettings = {
				BUNDLE_LOADER = "$(TEST_HOST)";
				INFOPLIST_FILE = TestGitHubTests/Info.plist;
				LD_RUNPATH_SEARCH_PATHS = "$(inherited) @executable_path/Frameworks @loader_path/Frameworks";
				PRODUCT_BUNDLE_IDENTIFIER = com.crampsalot.TestGitHubTests;
				PRODUCT_NAME = "$(TARGET_NAME)";
				TEST_HOST = "$(BUILT_PRODUCTS_DIR)/TestGitHub.app/TestGitHub";
			};
			name = Debug;
		};
		4ACB2FBB1C634E3900E150DB /* Release */ = {
			isa = XCBuildConfiguration;
			buildSettings = {
				BUNDLE_LOADER = "$(TEST_HOST)";
				INFOPLIST_FILE = TestGitHubTests/Info.plist;
				LD_RUNPATH_SEARCH_PATHS = "$(inherited) @executable_path/Frameworks @loader_path/Frameworks";
				PRODUCT_BUNDLE_IDENTIFIER = com.crampsalot.TestGitHubTests;
				PRODUCT_NAME = "$(TARGET_NAME)";
				TEST_HOST = "$(BUILT_PRODUCTS_DIR)/TestGitHub.app/TestGitHub";
			};
			name = Release;
		};
		4ACB2FBD1C634E3900E150DB /* Debug */ = {
			isa = XCBuildConfiguration;
			buildSettings = {
				INFOPLIST_FILE = TestGitHubUITests/Info.plist;
				LD_RUNPATH_SEARCH_PATHS = "$(inherited) @executable_path/Frameworks @loader_path/Frameworks";
				PRODUCT_BUNDLE_IDENTIFIER = com.crampsalot.TestGitHubUITests;
				PRODUCT_NAME = "$(TARGET_NAME)";
				TEST_TARGET_NAME = TestGitHub;
				USES_XCTRUNNER = YES;
			};
			name = Debug;
		};
		4ACB2FBE1C634E3900E150DB /* Release */ = {
			isa = XCBuildConfiguration;
			buildSettings = {
				INFOPLIST_FILE = TestGitHubUITests/Info.plist;
				LD_RUNPATH_SEARCH_PATHS = "$(inherited) @executable_path/Frameworks @loader_path/Frameworks";
				PRODUCT_BUNDLE_IDENTIFIER = com.crampsalot.TestGitHubUITests;
				PRODUCT_NAME = "$(TARGET_NAME)";
				TEST_TARGET_NAME = TestGitHub;
				USES_XCTRUNNER = YES;
			};
			name = Release;
		};
/* End XCBuildConfiguration section */

/* Begin XCConfigurationList section */
		4ACB2F891C634E3600E150DB /* Build configuration list for PBXProject "TestGitHub" */ = {
			isa = XCConfigurationList;
			buildConfigurations = (
				4ACB2FB41C634E3900E150DB /* Debug */,
				4ACB2FB51C634E3900E150DB /* Release */,
			);
			defaultConfigurationIsVisible = 0;
			defaultConfigurationName = Release;
		};
		4ACB2FB61C634E3900E150DB /* Build configuration list for PBXNativeTarget "TestGitHub" */ = {
			isa = XCConfigurationList;
			buildConfigurations = (
				4ACB2FB71C634E3900E150DB /* Debug */,
				4ACB2FB81C634E3900E150DB /* Release */,
			);
			defaultConfigurationIsVisible = 0;
		};
		4ACB2FB91C634E3900E150DB /* Build configuration list for PBXNativeTarget "TestGitHubTests" */ = {
			isa = XCConfigurationList;
			buildConfigurations = (
				4ACB2FBA1C634E3900E150DB /* Debug */,
				4ACB2FBB1C634E3900E150DB /* Release */,
			);
			defaultConfigurationIsVisible = 0;
		};
		4ACB2FBC1C634E3900E150DB /* Build configuration list for PBXNativeTarget "TestGitHubUITests" */ = {
			isa = XCConfigurationList;
			buildConfigurations = (
				4ACB2FBD1C634E3900E150DB /* Debug */,
				4ACB2FBE1C634E3900E150DB /* Release */,
			);
			defaultConfigurationIsVisible = 0;
		};
/* End XCConfigurationList section */
	};
	rootObject = 4ACB2F861C634E3600E150DB /* Project object */;
}
